# This file is automatically @generated by Cargo.
# It is not intended for manual editing.
[[package]]
name = "protobuf"
version = "2.8.0"
source = "registry+https://github.com/rust-lang/crates.io-index"

[[package]]
name = "protobuf-codegen"
version = "2.8.0"
source = "registry+https://github.com/rust-lang/crates.io-index"
dependencies = [
 "protobuf 2.8.0 (registry+https://github.com/rust-lang/crates.io-index)",
]

[[package]]
name = "protobuf-codegen-pure"
version = "2.8.0"
source = "registry+https://github.com/rust-lang/crates.io-index"
dependencies = [
 "protobuf 2.8.0 (registry+https://github.com/rust-lang/crates.io-index)",
 "protobuf-codegen 2.8.0 (registry+https://github.com/rust-lang/crates.io-index)",
]

[[package]]
name = "protofbuf-codegen-pure-example"
version = "0.1.0"
dependencies = [
 "protobuf 2.8.0 (registry+https://github.com/rust-lang/crates.io-index)",
 "protobuf-codegen-pure 2.8.0 (registry+https://github.com/rust-lang/crates.io-index)",
]

[metadata]
"checksum protobuf 2.8.0 (registry+https://github.com/rust-lang/crates.io-index)" = "8aefcec9f142b524d98fc81d07827743be89dd6586a1ba6ab21fa66a500b3fa5"
"checksum protobuf-codegen 2.8.0 (registry+https://github.com/rust-lang/crates.io-index)" = "31539be8028d6b9e8e1b3b7c74e2fa3555302e27b2cc20dbaee6ffba648f75e2"
"checksum protobuf-codegen-pure 2.8.0 (registry+https://github.com/rust-lang/crates.io-index)" = "00993dc5fbbfcf9d8a005f6b6c29fd29fd6d86deba3ae3f41fd20c624c414616"
